
Microsoft Visual Studio Solution File, Format Version 12.00
# Visual Studio Version 16
VisualStudioVersion = 16.0.30204.135
MinimumVisualStudioVersion = 10.0.40219.1
Project("{FAE04EC0-301F-11D3-BF4B-00C04F79EFBC}") = "TMBrowserWPF", "TMBrowserWPF\TMBrowserWPF.csproj", "{F78F0125-FF2D-450E-8EE9-1FD86961C449}"
EndProject
Global
	GlobalSection(SolutionConfigurationPlatforms) = preSolution
		Debug|Any CPU = Debug|Any CPU
		Release|Any CPU = Release|Any CPU
	EndGlobalSection
	GlobalSection(ProjectConfigurationPlatforms) = postSolution
		{F78F0125-FF2D-450E-8EE9-1FD86961C449}.Debug|Any CPU.ActiveCfg = Debug|Any CPU
		{F78F0125-FF2D-450E-8EE9-1FD86961C449}.Debug|Any CPU.Build.0 = Debug|Any CPU
		{F78F0125-FF2D-450E-8EE9-1FD86961C449}.Release|Any CPU.ActiveCfg = Release|Any CPU
		{F78F0125-FF2D-450E-8EE9-1FD86961C449}.Release|Any CPU.Build.0 = Release|Any CPU
	EndGlobalSection
	GlobalSection(SolutionProperties) = preSolution
		HideSolutionNode = FALSE
	EndGlobalSection
	GlobalSection(ExtensibilityGlobals) = postSolution
		SolutionGuid = {0306E812-47EA-4EDB-91F3-6DF3C1CFBF55}
	EndGlobalSection
EndGlobal
